
Microsoft Visual Studio Solution File, Format Version 12.00
# Visual Studio Version 16
VisualStudioVersion = 16.0.34931.43
MinimumVisualStudioVersion = 10.0.40219.1
Project("{2150E333-8FDC-42A3-9474-1A3956D46DE8}") = "01. Clientes", "01. Clientes", "{54EB0314-B8AF-4ED3-B6AA-F597768A54A2}"
EndProject
Project("{2150E333-8FDC-42A3-9474-1A3956D46DE8}") = "02. ApiGateway", "02. ApiGateway", "{9DE74445-37BA-4B33-9DE8-4D9FC5FEC457}"
EndProject
Project("{2150E333-8FDC-42A3-9474-1A3956D46DE8}") = "03. Services", "03. Services", "{A7C58D5C-B1DB-4117-BD4B-A6FBDFA08F72}"
EndProject
Project("{2150E333-8FDC-42A3-9474-1A3956D46DE8}") = "01. Identity", "01. Identity", "{C57BA0B3-B58B-4FB6-9E0B-CA73929649E7}"
EndProject
Project("{2150E333-8FDC-42A3-9474-1A3956D46DE8}") = "02. Catalog", "02. Catalog", "{6465F8AE-1FC7-4DE7-A48A-722BE87F89E2}"
EndProject
Project("{2150E333-8FDC-42A3-9474-1A3956D46DE8}") = "03. Customer", "03. Customer", "{2EE5DAC3-CD14-4E0A-B2DE-3208D3B79B57}"
EndProject
Project("{2150E333-8FDC-42A3-9474-1A3956D46DE8}") = "04. Order", "04. Order", "{69869E25-DEAA-45C3-B2B9-13DF2ED0649E}"
EndProject
Project("{9A19103F-16F7-4668-BE54-9A1E7A4F7556}") = "Catalog.Api", "src\Services\Catalog\Catalog.Api\Catalog.Api.csproj", "{642B3D88-F363-4BCD-9A15-EBEA0E8DB9F8}"
EndProject
Project("{2150E333-8FDC-42A3-9474-1A3956D46DE8}") = "Api", "Api", "{E7717C57-EA15-4CC3-9E18-A34327C21B2D}"
EndProject
Project("{2150E333-8FDC-42A3-9474-1A3956D46DE8}") = "Services", "Services", "{0D45730B-983D-49C4-8BFA-34BAF4D9FBB1}"
EndProject
Project("{2150E333-8FDC-42A3-9474-1A3956D46DE8}") = "Persistence", "Persistence", "{2AB2C8AD-03D3-4B26-8B28-BD61B290959B}"
EndProject
Project("{2150E333-8FDC-42A3-9474-1A3956D46DE8}") = "Models", "Models", "{3FCF40C1-A6DB-4296-98DF-957131741DA7}"
EndProject
Project("{9A19103F-16F7-4668-BE54-9A1E7A4F7556}") = "Catalog.Domain", "src\Services\Catalog\Catalog.Domain\Catalog.Domain.csproj", "{DD5B5050-D48E-4F08-99D1-C93DFC22AFA6}"
EndProject
Project("{9A19103F-16F7-4668-BE54-9A1E7A4F7556}") = "Catalog.Persistence.Database", "src\Services\Catalog\Catalog.Persistence.Database\Catalog.Persistence.Database.csproj", "{BEBCDF9E-1C0D-4CEE-8CAE-1ADD1DA87345}"
EndProject
Project("{9A19103F-16F7-4668-BE54-9A1E7A4F7556}") = "Catalog.Services.Queries", "src\Services\Catalog\Catalog.Services.Queries\Catalog.Services.Queries.csproj", "{593C07AA-C806-43DE-B2B3-056A5AB980A8}"
EndProject
Project("{2150E333-8FDC-42A3-9474-1A3956D46DE8}") = "Common", "Common", "{24C56A42-DA60-4ADE-85E4-711690EEC739}"
EndProject
Project("{9A19103F-16F7-4668-BE54-9A1E7A4F7556}") = "Service.Common.Collection", "src\Services\Service.Common.Collection\Service.Common.Collection.csproj", "{D7DB3108-EF26-4153-AD4C-E2DDDCDFFC0E}"
EndProject
Project("{9A19103F-16F7-4668-BE54-9A1E7A4F7556}") = "Catalog.Service.EventHandlers", "src\Services\Catalog\Catalog.Service.EventHandlers\Catalog.Service.EventHandlers.csproj", "{E3119BB4-A3AF-4BE9-A63D-7D3F46A79BAC}"
EndProject
Project("{FAE04EC0-301F-11D3-BF4B-00C04F79EFBC}") = "Service.Common.Mapping", "src\Services\Service.Common.Mapping\Service.Common.Mapping.csproj", "{83958ED4-EE70-4457-8CD2-EA2CE267E63F}"
EndProject
Project("{FAE04EC0-301F-11D3-BF4B-00C04F79EFBC}") = "Service.Common.Paging", "src\Services\Service.Common.Paging\Service.Common.Paging.csproj", "{B2B8E21A-8C16-4A1B-AE62-FF07AD2C8FB8}"
EndProject
Global
	GlobalSection(SolutionConfigurationPlatforms) = preSolution
		Debug|Any CPU = Debug|Any CPU
		Release|Any CPU = Release|Any CPU
	EndGlobalSection
	GlobalSection(ProjectConfigurationPlatforms) = postSolution
		{642B3D88-F363-4BCD-9A15-EBEA0E8DB9F8}.Debug|Any CPU.ActiveCfg = Debug|Any CPU
		{642B3D88-F363-4BCD-9A15-EBEA0E8DB9F8}.Debug|Any CPU.Build.0 = Debug|Any CPU
		{642B3D88-F363-4BCD-9A15-EBEA0E8DB9F8}.Release|Any CPU.ActiveCfg = Release|Any CPU
		{642B3D88-F363-4BCD-9A15-EBEA0E8DB9F8}.Release|Any CPU.Build.0 = Release|Any CPU
		{DD5B5050-D48E-4F08-99D1-C93DFC22AFA6}.Debug|Any CPU.ActiveCfg = Debug|Any CPU
		{DD5B5050-D48E-4F08-99D1-C93DFC22AFA6}.Debug|Any CPU.Build.0 = Debug|Any CPU
		{DD5B5050-D48E-4F08-99D1-C93DFC22AFA6}.Release|Any CPU.ActiveCfg = Release|Any CPU
		{DD5B5050-D48E-4F08-99D1-C93DFC22AFA6}.Release|Any CPU.Build.0 = Release|Any CPU
		{BEBCDF9E-1C0D-4CEE-8CAE-1ADD1DA87345}.Debug|Any CPU.ActiveCfg = Debug|Any CPU
		{BEBCDF9E-1C0D-4CEE-8CAE-1ADD1DA87345}.Debug|Any CPU.Build.0 = Debug|Any CPU
		{BEBCDF9E-1C0D-4CEE-8CAE-1ADD1DA87345}.Release|Any CPU.ActiveCfg = Release|Any CPU
		{BEBCDF9E-1C0D-4CEE-8CAE-1ADD1DA87345}.Release|Any CPU.Build.0 = Release|Any CPU
		{593C07AA-C806-43DE-B2B3-056A5AB980A8}.Debug|Any CPU.ActiveCfg = Debug|Any CPU
		{593C07AA-C806-43DE-B2B3-056A5AB980A8}.Debug|Any CPU.Build.0 = Debug|Any CPU
		{593C07AA-C806-43DE-B2B3-056A5AB980A8}.Release|Any CPU.ActiveCfg = Release|Any CPU
		{593C07AA-C806-43DE-B2B3-056A5AB980A8}.Release|Any CPU.Build.0 = Release|Any CPU
		{D7DB3108-EF26-4153-AD4C-E2DDDCDFFC0E}.Debug|Any CPU.ActiveCfg = Debug|Any CPU
		{D7DB3108-EF26-4153-AD4C-E2DDDCDFFC0E}.Debug|Any CPU.Build.0 = Debug|Any CPU
		{D7DB3108-EF26-4153-AD4C-E2DDDCDFFC0E}.Release|Any CPU.ActiveCfg = Release|Any CPU
		{D7DB3108-EF26-4153-AD4C-E2DDDCDFFC0E}.Release|Any CPU.Build.0 = Release|Any CPU
		{E3119BB4-A3AF-4BE9-A63D-7D3F46A79BAC}.Debug|Any CPU.ActiveCfg = Debug|Any CPU
		{E3119BB4-A3AF-4BE9-A63D-7D3F46A79BAC}.Debug|Any CPU.Build.0 = Debug|Any CPU
		{E3119BB4-A3AF-4BE9-A63D-7D3F46A79BAC}.Release|Any CPU.ActiveCfg = Release|Any CPU
		{E3119BB4-A3AF-4BE9-A63D-7D3F46A79BAC}.Release|Any CPU.Build.0 = Release|Any CPU
		{83958ED4-EE70-4457-8CD2-EA2CE267E63F}.Debug|Any CPU.ActiveCfg = Debug|Any CPU
		{83958ED4-EE70-4457-8CD2-EA2CE267E63F}.Debug|Any CPU.Build.0 = Debug|Any CPU
		{83958ED4-EE70-4457-8CD2-EA2CE267E63F}.Release|Any CPU.ActiveCfg = Release|Any CPU
		{83958ED4-EE70-4457-8CD2-EA2CE267E63F}.Release|Any CPU.Build.0 = Release|Any CPU
		{B2B8E21A-8C16-4A1B-AE62-FF07AD2C8FB8}.Debug|Any CPU.ActiveCfg = Debug|Any CPU
		{B2B8E21A-8C16-4A1B-AE62-FF07AD2C8FB8}.Debug|Any CPU.Build.0 = Debug|Any CPU
		{B2B8E21A-8C16-4A1B-AE62-FF07AD2C8FB8}.Release|Any CPU.ActiveCfg = Release|Any CPU
		{B2B8E21A-8C16-4A1B-AE62-FF07AD2C8FB8}.Release|Any CPU.Build.0 = Release|Any CPU
	EndGlobalSection
	GlobalSection(SolutionProperties) = preSolution
		HideSolutionNode = FALSE
	EndGlobalSection
	GlobalSection(NestedProjects) = preSolution
		{C57BA0B3-B58B-4FB6-9E0B-CA73929649E7} = {A7C58D5C-B1DB-4117-BD4B-A6FBDFA08F72}
		{6465F8AE-1FC7-4DE7-A48A-722BE87F89E2} = {A7C58D5C-B1DB-4117-BD4B-A6FBDFA08F72}
		{2EE5DAC3-CD14-4E0A-B2DE-3208D3B79B57} = {A7C58D5C-B1DB-4117-BD4B-A6FBDFA08F72}
		{69869E25-DEAA-45C3-B2B9-13DF2ED0649E} = {A7C58D5C-B1DB-4117-BD4B-A6FBDFA08F72}
		{642B3D88-F363-4BCD-9A15-EBEA0E8DB9F8} = {E7717C57-EA15-4CC3-9E18-A34327C21B2D}
		{E7717C57-EA15-4CC3-9E18-A34327C21B2D} = {6465F8AE-1FC7-4DE7-A48A-722BE87F89E2}
		{0D45730B-983D-49C4-8BFA-34BAF4D9FBB1} = {6465F8AE-1FC7-4DE7-A48A-722BE87F89E2}
		{2AB2C8AD-03D3-4B26-8B28-BD61B290959B} = {6465F8AE-1FC7-4DE7-A48A-722BE87F89E2}
		{3FCF40C1-A6DB-4296-98DF-957131741DA7} = {6465F8AE-1FC7-4DE7-A48A-722BE87F89E2}
		{DD5B5050-D48E-4F08-99D1-C93DFC22AFA6} = {3FCF40C1-A6DB-4296-98DF-957131741DA7}
		{BEBCDF9E-1C0D-4CEE-8CAE-1ADD1DA87345} = {2AB2C8AD-03D3-4B26-8B28-BD61B290959B}
		{593C07AA-C806-43DE-B2B3-056A5AB980A8} = {0D45730B-983D-49C4-8BFA-34BAF4D9FBB1}
		{24C56A42-DA60-4ADE-85E4-711690EEC739} = {A7C58D5C-B1DB-4117-BD4B-A6FBDFA08F72}
		{D7DB3108-EF26-4153-AD4C-E2DDDCDFFC0E} = {24C56A42-DA60-4ADE-85E4-711690EEC739}
		{E3119BB4-A3AF-4BE9-A63D-7D3F46A79BAC} = {0D45730B-983D-49C4-8BFA-34BAF4D9FBB1}
		{83958ED4-EE70-4457-8CD2-EA2CE267E63F} = {24C56A42-DA60-4ADE-85E4-711690EEC739}
		{B2B8E21A-8C16-4A1B-AE62-FF07AD2C8FB8} = {24C56A42-DA60-4ADE-85E4-711690EEC739}
	EndGlobalSection
	GlobalSection(ExtensibilityGlobals) = postSolution
		SolutionGuid = {2F58127B-05E0-455E-AB98-8B72801EF6D8}
	EndGlobalSection
EndGlobal
